
Microsoft Visual Studio Solution File, Format Version 12.00
# Visual Studio 2012
Project("{FAE04EC0-301F-11D3-BF4B-00C04F79EFBC}") = "BagSavior", "BagSavior\BagSavior.csproj", "{2F43E607-21D7-4389-8586-C97EDCA0BF97}"
EndProject
Project("{FAE04EC0-301F-11D3-BF4B-00C04F79EFBC}") = "BagSavior.Library", "BagSavior.Library\BagSavior.Library.csproj", "{7EB1C60D-2E91-4DC5-8114-15966F1E2378}"
EndProject
Project("{FAE04EC0-301F-11D3-BF4B-00C04F79EFBC}") = "BagSavior.Configuration", "BagSavior.Configuration\BagSavior.Configuration.csproj", "{F2EF282F-83AE-4822-9D3E-7048A48A343A}"
EndProject
Project("{FAE04EC0-301F-11D3-BF4B-00C04F79EFBC}") = "BagSavior.Library.UnitTests", "BagSavior.Library.UnitTests\BagSavior.Library.UnitTests.csproj", "{A765039B-F2EF-4A79-A6A9-A8FEB556BBC7}"
EndProject
Global
	GlobalSection(SolutionConfigurationPlatforms) = preSolution
		Debug|Any CPU = Debug|Any CPU
		Release|Any CPU = Release|Any CPU
	EndGlobalSection
	GlobalSection(ProjectConfigurationPlatforms) = postSolution
		{2F43E607-21D7-4389-8586-C97EDCA0BF97}.Debug|Any CPU.ActiveCfg = Debug|Any CPU
		{2F43E607-21D7-4389-8586-C97EDCA0BF97}.Debug|Any CPU.Build.0 = Debug|Any CPU
		{2F43E607-21D7-4389-8586-C97EDCA0BF97}.Release|Any CPU.ActiveCfg = Release|Any CPU
		{2F43E607-21D7-4389-8586-C97EDCA0BF97}.Release|Any CPU.Build.0 = Release|Any CPU
		{7EB1C60D-2E91-4DC5-8114-15966F1E2378}.Debug|Any CPU.ActiveCfg = Debug|Any CPU
		{7EB1C60D-2E91-4DC5-8114-15966F1E2378}.Debug|Any CPU.Build.0 = Debug|Any CPU
		{7EB1C60D-2E91-4DC5-8114-15966F1E2378}.Release|Any CPU.ActiveCfg = Release|Any CPU
		{7EB1C60D-2E91-4DC5-8114-15966F1E2378}.Release|Any CPU.Build.0 = Release|Any CPU
		{F2EF282F-83AE-4822-9D3E-7048A48A343A}.Debug|Any CPU.ActiveCfg = Debug|Any CPU
		{F2EF282F-83AE-4822-9D3E-7048A48A343A}.Debug|Any CPU.Build.0 = Debug|Any CPU
		{F2EF282F-83AE-4822-9D3E-7048A48A343A}.Release|Any CPU.ActiveCfg = Release|Any CPU
		{F2EF282F-83AE-4822-9D3E-7048A48A343A}.Release|Any CPU.Build.0 = Release|Any CPU
		{A765039B-F2EF-4A79-A6A9-A8FEB556BBC7}.Debug|Any CPU.ActiveCfg = Debug|Any CPU
		{A765039B-F2EF-4A79-A6A9-A8FEB556BBC7}.Debug|Any CPU.Build.0 = Debug|Any CPU
		{A765039B-F2EF-4A79-A6A9-A8FEB556BBC7}.Release|Any CPU.ActiveCfg = Release|Any CPU
		{A765039B-F2EF-4A79-A6A9-A8FEB556BBC7}.Release|Any CPU.Build.0 = Release|Any CPU
	EndGlobalSection
	GlobalSection(SolutionProperties) = preSolution
		HideSolutionNode = FALSE
	EndGlobalSection
EndGlobal
